{
  "name": "readwords",
  "lockfileVersion": 2,
  "requires": true,
  "packages": {
    "": {
      "dependencies": {
        "censorify": "file:../censorify/censorify-0.1.1.tgz"
      }
    },
    "node_modules/censorify": {
      "version": "0.1.1",
      "resolved": "file:../censorify/censorify-0.1.1.tgz",
      "integrity": "sha512-a76zWWbHctWWimVFkS97mwx6rjMrWmfTUSVGr8q4TkLlWpsWw9owx3V4wZ9K/q8byOVidNWFtLkCsqnz3jeGmg==",
      "engines": {
        "node": "*"
      }
    }
  },
  "dependencies": {
    "censorify": {
      "version": "file:..\\censorify\\censorify-0.1.1.tgz",
      "integrity": "sha512-a76zWWbHctWWimVFkS97mwx6rjMrWmfTUSVGr8q4TkLlWpsWw9owx3V4wZ9K/q8byOVidNWFtLkCsqnz3jeGmg=="
    }
  }
}
